
Microsoft Visual Studio Solution File, Format Version 12.00
# Visual Studio Version 16
VisualStudioVersion = 16.0.31019.35
MinimumVisualStudioVersion = 10.0.40219.1
Project("{FAE04EC0-301F-11D3-BF4B-00C04F79EFBC}") = "FlightCompany", "FlightCompany\FlightCompany.csproj", "{C1E2B5E3-4EF5-4ECA-A59D-0E97035A85E4}"
EndProject
Project("{FAE04EC0-301F-11D3-BF4B-00C04F79EFBC}") = "ConnectionUtils", "ConnectionUtils\ConnectionUtils.csproj", "{45C0EA6B-26BB-41CC-ACF0-D809FC6EC82A}"
EndProject
Project("{FAE04EC0-301F-11D3-BF4B-00C04F79EFBC}") = "Model", "Model\Model.csproj", "{5BB69AF9-A625-4C39-B64F-03717E5BB85B}"
EndProject
Project("{FAE04EC0-301F-11D3-BF4B-00C04F79EFBC}") = "Persistence", "Persistence\Persistence.csproj", "{40FBB56C-6F20-4DDA-81CB-37A2A603D58F}"
EndProject
Project("{FAE04EC0-301F-11D3-BF4B-00C04F79EFBC}") = "Server", "Server\Server.csproj", "{81F12715-C4A0-4B08-9EDA-865A6935D9D7}"
EndProject
Project("{FAE04EC0-301F-11D3-BF4B-00C04F79EFBC}") = "Networking", "Networking\Networking.csproj", "{8A3668D5-5129-4CBC-AE01-7AE54E0B65AE}"
EndProject
Project("{FAE04EC0-301F-11D3-BF4B-00C04F79EFBC}") = "Client", "Client\Client.csproj", "{677DED14-CC3D-47AD-8BF9-F01B799029EC}"
EndProject
Project("{FAE04EC0-301F-11D3-BF4B-00C04F79EFBC}") = "Services", "Services\Services.csproj", "{FBEEE02E-CA6E-4CF1-98B9-9E7750F6B0AE}"
EndProject
Global
	GlobalSection(SolutionConfigurationPlatforms) = preSolution
		Debug|Any CPU = Debug|Any CPU
		Release|Any CPU = Release|Any CPU
	EndGlobalSection
	GlobalSection(ProjectConfigurationPlatforms) = postSolution
		{C1E2B5E3-4EF5-4ECA-A59D-0E97035A85E4}.Debug|Any CPU.ActiveCfg = Debug|Any CPU
		{C1E2B5E3-4EF5-4ECA-A59D-0E97035A85E4}.Debug|Any CPU.Build.0 = Debug|Any CPU
		{C1E2B5E3-4EF5-4ECA-A59D-0E97035A85E4}.Release|Any CPU.ActiveCfg = Release|Any CPU
		{C1E2B5E3-4EF5-4ECA-A59D-0E97035A85E4}.Release|Any CPU.Build.0 = Release|Any CPU
		{45C0EA6B-26BB-41CC-ACF0-D809FC6EC82A}.Debug|Any CPU.ActiveCfg = Debug|Any CPU
		{45C0EA6B-26BB-41CC-ACF0-D809FC6EC82A}.Debug|Any CPU.Build.0 = Debug|Any CPU
		{45C0EA6B-26BB-41CC-ACF0-D809FC6EC82A}.Release|Any CPU.ActiveCfg = Release|Any CPU
		{45C0EA6B-26BB-41CC-ACF0-D809FC6EC82A}.Release|Any CPU.Build.0 = Release|Any CPU
		{5BB69AF9-A625-4C39-B64F-03717E5BB85B}.Debug|Any CPU.ActiveCfg = Debug|Any CPU
		{5BB69AF9-A625-4C39-B64F-03717E5BB85B}.Debug|Any CPU.Build.0 = Debug|Any CPU
		{5BB69AF9-A625-4C39-B64F-03717E5BB85B}.Release|Any CPU.ActiveCfg = Release|Any CPU
		{5BB69AF9-A625-4C39-B64F-03717E5BB85B}.Release|Any CPU.Build.0 = Release|Any CPU
		{40FBB56C-6F20-4DDA-81CB-37A2A603D58F}.Debug|Any CPU.ActiveCfg = Debug|Any CPU
		{40FBB56C-6F20-4DDA-81CB-37A2A603D58F}.Debug|Any CPU.Build.0 = Debug|Any CPU
		{40FBB56C-6F20-4DDA-81CB-37A2A603D58F}.Release|Any CPU.ActiveCfg = Release|Any CPU
		{40FBB56C-6F20-4DDA-81CB-37A2A603D58F}.Release|Any CPU.Build.0 = Release|Any CPU
		{81F12715-C4A0-4B08-9EDA-865A6935D9D7}.Debug|Any CPU.ActiveCfg = Debug|Any CPU
		{81F12715-C4A0-4B08-9EDA-865A6935D9D7}.Debug|Any CPU.Build.0 = Debug|Any CPU
		{81F12715-C4A0-4B08-9EDA-865A6935D9D7}.Release|Any CPU.ActiveCfg = Release|Any CPU
		{81F12715-C4A0-4B08-9EDA-865A6935D9D7}.Release|Any CPU.Build.0 = Release|Any CPU
		{8A3668D5-5129-4CBC-AE01-7AE54E0B65AE}.Debug|Any CPU.ActiveCfg = Debug|Any CPU
		{8A3668D5-5129-4CBC-AE01-7AE54E0B65AE}.Debug|Any CPU.Build.0 = Debug|Any CPU
		{8A3668D5-5129-4CBC-AE01-7AE54E0B65AE}.Release|Any CPU.ActiveCfg = Release|Any CPU
		{8A3668D5-5129-4CBC-AE01-7AE54E0B65AE}.Release|Any CPU.Build.0 = Release|Any CPU
		{677DED14-CC3D-47AD-8BF9-F01B799029EC}.Debug|Any CPU.ActiveCfg = Debug|Any CPU
		{677DED14-CC3D-47AD-8BF9-F01B799029EC}.Debug|Any CPU.Build.0 = Debug|Any CPU
		{677DED14-CC3D-47AD-8BF9-F01B799029EC}.Release|Any CPU.ActiveCfg = Release|Any CPU
		{677DED14-CC3D-47AD-8BF9-F01B799029EC}.Release|Any CPU.Build.0 = Release|Any CPU
		{FBEEE02E-CA6E-4CF1-98B9-9E7750F6B0AE}.Debug|Any CPU.ActiveCfg = Debug|Any CPU
		{FBEEE02E-CA6E-4CF1-98B9-9E7750F6B0AE}.Debug|Any CPU.Build.0 = Debug|Any CPU
		{FBEEE02E-CA6E-4CF1-98B9-9E7750F6B0AE}.Release|Any CPU.ActiveCfg = Release|Any CPU
		{FBEEE02E-CA6E-4CF1-98B9-9E7750F6B0AE}.Release|Any CPU.Build.0 = Release|Any CPU
	EndGlobalSection
	GlobalSection(SolutionProperties) = preSolution
		HideSolutionNode = FALSE
	EndGlobalSection
	GlobalSection(ExtensibilityGlobals) = postSolution
		SolutionGuid = {1300A9E2-855A-471B-9B8B-F3A3EF41EC8A}
	EndGlobalSection
EndGlobal
